{
  "name": "building-from-scratch",
  "version": "0.1.0",
  "lockfileVersion": 2,
  "requires": true,
  "packages": {
    "": {
      "name": "building-from-scratch",
      "version": "0.1.0",
      "license": "Apache-2.0",
      "dependencies": {
        "fs-extra": "^8.1.0",
        "sketch-constructor": "^1.16.0"
      }
    },
    "node_modules/@types/jszip": {
      "version": "3.1.6",
      "resolved": "https://registry.npmjs.org/@types/jszip/-/jszip-3.1.6.tgz",
      "integrity": "sha512-m8uFcI+O2EupCfbEVQWsBM/4nhbegjOHL7cQgBpM95FeF98kdFJXzy9/8yhx4b3lCRl/gMBhcvyh30Qt3X+XPQ==",
      "dependencies": {
        "@types/node": "*"
      }
    },
    "node_modules/@types/node": {
      "version": "12.12.22",
      "resolved": "https://registry.npmjs.org/@types/node/-/node-12.12.22.tgz",
      "integrity": "sha512-r5i93jqbPWGXYXxianGATOxTelkp6ih/U0WVnvaqAvTqM+0U6J3kw6Xk6uq/dWNRkEVw/0SLcO5ORXbVNz4FMQ=="
    },
    "node_modules/@types/tinycolor2": {
      "version": "1.4.2",
      "resolved": "https://registry.npmjs.org/@types/tinycolor2/-/tinycolor2-1.4.2.tgz",
      "integrity": "sha512-PeHg/AtdW6aaIO2a+98Xj7rWY4KC1E6yOy7AFknJQ7VXUGNrMlyxDFxJo7HqLtjQms/ZhhQX52mLVW/EX3JGOw=="
    },
    "node_modules/core-util-is": {
      "version": "1.0.2",
      "resolved": "https://registry.npmjs.org/core-util-is/-/core-util-is-1.0.2.tgz",
      "integrity": "sha1-tf1UIgqivFq1eqtxQMlAdUUDwac="
    },
    "node_modules/fs-extra": {
      "version": "8.1.0",
      "resolved": "https://registry.npmjs.org/fs-extra/-/fs-extra-8.1.0.tgz",
      "integrity": "sha512-yhlQgA6mnOJUKOsRUFsgJdQCvkKhcz8tlZG5HBQfReYZy46OwLcY+Zia0mtdHsOo9y/hP+CxMN0TU9QxoOtG4g==",
      "dependencies": {
        "graceful-fs": "^4.2.0",
        "jsonfile": "^4.0.0",
        "universalify": "^0.1.0"
      },
      "engines": {
        "node": ">=6 <7 || >=8"
      }
    },
    "node_modules/graceful-fs": {
      "version": "4.2.3",
      "resolved": "https://registry.npmjs.org/graceful-fs/-/graceful-fs-4.2.3.tgz",
      "integrity": "sha512-a30VEBm4PEdx1dRB7MFK7BejejvCvBronbLjht+sHuGYj8PHs7M/5Z+rt5lw551vZ7yfTCj4Vuyy3mSJytDWRQ=="
    },
    "node_modules/immediate": {
      "version": "3.0.6",
      "resolved": "https://registry.npmjs.org/immediate/-/immediate-3.0.6.tgz",
      "integrity": "sha1-nbHb0Pr43m++D13V5Wu2BigN5ps="
    },
    "node_modules/inherits": {
      "version": "2.0.4",
      "resolved": "https://registry.npmjs.org/inherits/-/inherits-2.0.4.tgz",
      "integrity": "sha512-k/vGaX4/Yla3WzyMCvTQOXYeIHvqOKtnqBduzTHpzpQZzAskKMhZ2K+EnBiSM9zGSoIFeMpXKxa4dYeZIQqewQ=="
    },
    "node_modules/isarray": {
      "version": "1.0.0",
      "resolved": "https://registry.npmjs.org/isarray/-/isarray-1.0.0.tgz",
      "integrity": "sha1-u5NdSFgsuhaMBoNJV6VKPgcSTxE="
    },
    "node_modules/jsonfile": {
      "version": "4.0.0",
      "resolved": "https://registry.npmjs.org/jsonfile/-/jsonfile-4.0.0.tgz",
      "integrity": "sha1-h3Gq4HmbZAdrdmQPygWPnBDjPss=",
      "optionalDependencies": {
        "graceful-fs": "^4.1.6"
      }
    },
    "node_modules/jszip": {
      "version": "3.10.0",
      "resolved": "https://registry.npmjs.org/jszip/-/jszip-3.10.0.tgz",
      "integrity": "sha512-LDfVtOLtOxb9RXkYOwPyNBTQDL4eUbqahtoY6x07GiDJHwSYvn8sHHIw8wINImV3MqbMNve2gSuM1DDqEKk09Q==",
      "dependencies": {
        "lie": "~3.3.0",
        "pako": "~1.0.2",
        "readable-stream": "~2.3.6",
        "setimmediate": "^1.0.5"
      }
    },
    "node_modules/lie": {
      "version": "3.3.0",
      "resolved": "https://registry.npmjs.org/lie/-/lie-3.3.0.tgz",
      "integrity": "sha512-UaiMJzeWRlEujzAuw5LokY1L5ecNQYZKfmyZ9L7wDHb/p5etKaxXhohBcrw0EYby+G/NA52vRSN4N39dxHAIwQ==",
      "dependencies": {
        "immediate": "~3.0.5"
      }
    },
    "node_modules/md5-file": {
      "version": "4.0.0",
      "resolved": "https://registry.npmjs.org/md5-file/-/md5-file-4.0.0.tgz",
      "integrity": "sha512-UC0qFwyAjn4YdPpKaDNw6gNxRf7Mcx7jC1UGCY4boCzgvU2Aoc1mOGzTtrjjLKhM5ivsnhoKpQVxKPp+1j1qwg==",
      "bin": {
        "md5-file": "cli.js"
      },
      "engines": {
        "node": ">=6.0"
      }
    },
    "node_modules/pako": {
      "version": "1.0.10",
      "resolved": "https://registry.npmjs.org/pako/-/pako-1.0.10.tgz",
      "integrity": "sha512-0DTvPVU3ed8+HNXOu5Bs+o//Mbdj9VNQMUOe9oKCwh8l0GNwpTDMKCWbRjgtD291AWnkAgkqA/LOnQS8AmS1tw=="
    },
    "node_modules/process-nextick-args": {
      "version": "2.0.1",
      "resolved": "https://registry.npmjs.org/process-nextick-args/-/process-nextick-args-2.0.1.tgz",
      "integrity": "sha512-3ouUOpQhtgrbOa17J7+uxOTpITYWaGP7/AhoR3+A+/1e9skrzelGi/dXzEYyvbxubEF6Wn2ypscTKiKJFFn1ag=="
    },
    "node_modules/readable-stream": {
      "version": "2.3.6",
      "resolved": "https://registry.npmjs.org/readable-stream/-/readable-stream-2.3.6.tgz",
      "integrity": "sha512-tQtKA9WIAhBF3+VLAseyMqZeBjW0AHJoxOtYqSUZNJxauErmLbVm2FW1y+J/YA9dUrAC39ITejlZWhVIwawkKw==",
      "dependencies": {
        "core-util-is": "~1.0.0",
        "inherits": "~2.0.3",
        "isarray": "~1.0.0",
        "process-nextick-args": "~2.0.0",
        "safe-buffer": "~5.1.1",
        "string_decoder": "~1.1.1",
        "util-deprecate": "~1.0.1"
      }
    },
    "node_modules/safe-buffer": {
      "version": "5.1.2",
      "resolved": "https://registry.npmjs.org/safe-buffer/-/safe-buffer-5.1.2.tgz",
      "integrity": "sha512-Gd2UZBJDkXlY7GbJxfsE8/nvKkUEU1G38c1siN6QP6a9PT9MmHB8GnpscSmMJSoF8LOIrt8ud/wPtojys4G6+g=="
    },
    "node_modules/setimmediate": {
      "version": "1.0.5",
      "resolved": "https://registry.npmjs.org/setimmediate/-/setimmediate-1.0.5.tgz",
      "integrity": "sha512-MATJdZp8sLqDl/68LfQmbP8zKPLQNV6BIZoIgrscFDQ+RsvK/BxeDQOgyxKKoh0y/8h3BqVFnCqQ/gd+reiIXA=="
    },
    "node_modules/sketch-constructor": {
      "version": "1.16.0",
      "resolved": "https://registry.npmjs.org/sketch-constructor/-/sketch-constructor-1.16.0.tgz",
      "integrity": "sha512-wij57AVX0OHM9KGNacrxqjaANBXL/WvBL9ooEiibDHjnpZ7ipLFdy681burTnL2hsggF6IOPxvNdUhawXW0H8Q==",
      "dependencies": {
        "@types/jszip": "^3.1.6",
        "@types/node": "^12.7.12",
        "@types/tinycolor2": "^1.4.2",
        "fs-extra": "^8.1.0",
        "jszip": "^3.1.5",
        "md5-file": "^4.0.0",
        "tinycolor2": "^1.4.1",
        "uuid-v4": "^0.1.0"
      }
    },
    "node_modules/string_decoder": {
      "version": "1.1.1",
      "resolved": "https://registry.npmjs.org/string_decoder/-/string_decoder-1.1.1.tgz",
      "integrity": "sha512-n/ShnvDi6FHbbVfviro+WojiFzv+s8MPMHBczVePfUpDJLwoLT0ht1l4YwBCbi8pJAveEEdnkHyPyTP/mzRfwg==",
      "dependencies": {
        "safe-buffer": "~5.1.0"
      }
    },
    "node_modules/tinycolor2": {
      "version": "1.4.1",
      "resolved": "https://registry.npmjs.org/tinycolor2/-/tinycolor2-1.4.1.tgz",
      "integrity": "sha1-9PrTM0R7wLB9TcjpIJ2POaisd+g=",
      "engines": {
        "node": "*"
      }
    },
    "node_modules/universalify": {
      "version": "0.1.2",
      "resolved": "https://registry.npmjs.org/universalify/-/universalify-0.1.2.tgz",
      "integrity": "sha512-rBJeI5CXAlmy1pV+617WB9J63U6XcazHHF2f2dbJix4XzpUF0RS3Zbj0FGIOCAva5P/d/GBOYaACQ1w+0azUkg==",
      "engines": {
        "node": ">= 4.0.0"
      }
    },
    "node_modules/util-deprecate": {
      "version": "1.0.2",
      "resolved": "https://registry.npmjs.org/util-deprecate/-/util-deprecate-1.0.2.tgz",
      "integrity": "sha1-RQ1Nyfpw3nMnYvvS1KKJgUGaDM8="
    },
    "node_modules/uuid-v4": {
      "version": "0.1.0",
      "resolved": "https://registry.npmjs.org/uuid-v4/-/uuid-v4-0.1.0.tgz",
      "integrity": "sha1-YtezEEBvbOz+oVKMafHo4LzsWjo=",
      "engines": {
        "node": "*"
      }
    }
  },
  "dependencies": {
    "@types/jszip": {
      "version": "3.1.6",
      "resolved": "https://registry.npmjs.org/@types/jszip/-/jszip-3.1.6.tgz",
      "integrity": "sha512-m8uFcI+O2EupCfbEVQWsBM/4nhbegjOHL7cQgBpM95FeF98kdFJXzy9/8yhx4b3lCRl/gMBhcvyh30Qt3X+XPQ==",
      "requires": {
        "@types/node": "*"
      }
    },
    "@types/node": {
      "version": "12.12.22",
      "resolved": "https://registry.npmjs.org/@types/node/-/node-12.12.22.tgz",
      "integrity": "sha512-r5i93jqbPWGXYXxianGATOxTelkp6ih/U0WVnvaqAvTqM+0U6J3kw6Xk6uq/dWNRkEVw/0SLcO5ORXbVNz4FMQ=="
    },
    "@types/tinycolor2": {
      "version": "1.4.2",
      "resolved": "https://registry.npmjs.org/@types/tinycolor2/-/tinycolor2-1.4.2.tgz",
      "integrity": "sha512-PeHg/AtdW6aaIO2a+98Xj7rWY4KC1E6yOy7AFknJQ7VXUGNrMlyxDFxJo7HqLtjQms/ZhhQX52mLVW/EX3JGOw=="
    },
    "core-util-is": {
      "version": "1.0.2",
      "resolved": "https://registry.npmjs.org/core-util-is/-/core-util-is-1.0.2.tgz",
      "integrity": "sha1-tf1UIgqivFq1eqtxQMlAdUUDwac="
    },
    "fs-extra": {
      "version": "8.1.0",
      "resolved": "https://registry.npmjs.org/fs-extra/-/fs-extra-8.1.0.tgz",
      "integrity": "sha512-yhlQgA6mnOJUKOsRUFsgJdQCvkKhcz8tlZG5HBQfReYZy46OwLcY+Zia0mtdHsOo9y/hP+CxMN0TU9QxoOtG4g==",
      "requires": {
        "graceful-fs": "^4.2.0",
        "jsonfile": "^4.0.0",
        "universalify": "^0.1.0"
      }
    },
    "graceful-fs": {
      "version": "4.2.3",
      "resolved": "https://registry.npmjs.org/graceful-fs/-/graceful-fs-4.2.3.tgz",
      "integrity": "sha512-a30VEBm4PEdx1dRB7MFK7BejejvCvBronbLjht+sHuGYj8PHs7M/5Z+rt5lw551vZ7yfTCj4Vuyy3mSJytDWRQ=="
    },
    "immediate": {
      "version": "3.0.6",
      "resolved": "https://registry.npmjs.org/immediate/-/immediate-3.0.6.tgz",
      "integrity": "sha1-nbHb0Pr43m++D13V5Wu2BigN5ps="
    },
    "inherits": {
      "version": "2.0.4",
      "resolved": "https://registry.npmjs.org/inherits/-/inherits-2.0.4.tgz",
      "integrity": "sha512-k/vGaX4/Yla3WzyMCvTQOXYeIHvqOKtnqBduzTHpzpQZzAskKMhZ2K+EnBiSM9zGSoIFeMpXKxa4dYeZIQqewQ=="
    },
    "isarray": {
      "version": "1.0.0",
      "resolved": "https://registry.npmjs.org/isarray/-/isarray-1.0.0.tgz",
      "integrity": "sha1-u5NdSFgsuhaMBoNJV6VKPgcSTxE="
    },
    "jsonfile": {
      "version": "4.0.0",
      "resolved": "https://registry.npmjs.org/jsonfile/-/jsonfile-4.0.0.tgz",
      "integrity": "sha1-h3Gq4HmbZAdrdmQPygWPnBDjPss=",
      "requires": {
        "graceful-fs": "^4.1.6"
      }
    },
    "jszip": {
      "version": "3.10.0",
      "resolved": "https://registry.npmjs.org/jszip/-/jszip-3.10.0.tgz",
      "integrity": "sha512-LDfVtOLtOxb9RXkYOwPyNBTQDL4eUbqahtoY6x07GiDJHwSYvn8sHHIw8wINImV3MqbMNve2gSuM1DDqEKk09Q==",
      "requires": {
        "lie": "~3.3.0",
        "pako": "~1.0.2",
        "readable-stream": "~2.3.6",
        "setimmediate": "^1.0.5"
      }
    },
    "lie": {
      "version": "3.3.0",
      "resolved": "https://registry.npmjs.org/lie/-/lie-3.3.0.tgz",
      "integrity": "sha512-UaiMJzeWRlEujzAuw5LokY1L5ecNQYZKfmyZ9L7wDHb/p5etKaxXhohBcrw0EYby+G/NA52vRSN4N39dxHAIwQ==",
      "requires": {
        "immediate": "~3.0.5"
      }
    },
    "md5-file": {
      "version": "4.0.0",
      "resolved": "https://registry.npmjs.org/md5-file/-/md5-file-4.0.0.tgz",
      "integrity": "sha512-UC0qFwyAjn4YdPpKaDNw6gNxRf7Mcx7jC1UGCY4boCzgvU2Aoc1mOGzTtrjjLKhM5ivsnhoKpQVxKPp+1j1qwg=="
    },
    "pako": {
      "version": "1.0.10",
      "resolved": "https://registry.npmjs.org/pako/-/pako-1.0.10.tgz",
      "integrity": "sha512-0DTvPVU3ed8+HNXOu5Bs+o//Mbdj9VNQMUOe9oKCwh8l0GNwpTDMKCWbRjgtD291AWnkAgkqA/LOnQS8AmS1tw=="
    },
    "process-nextick-args": {
      "version": "2.0.1",
      "resolved": "https://registry.npmjs.org/process-nextick-args/-/process-nextick-args-2.0.1.tgz",
      "integrity": "sha512-3ouUOpQhtgrbOa17J7+uxOTpITYWaGP7/AhoR3+A+/1e9skrzelGi/dXzEYyvbxubEF6Wn2ypscTKiKJFFn1ag=="
    },
    "readable-stream": {
      "version": "2.3.6",
      "resolved": "https://registry.npmjs.org/readable-stream/-/readable-stream-2.3.6.tgz",
      "integrity": "sha512-tQtKA9WIAhBF3+VLAseyMqZeBjW0AHJoxOtYqSUZNJxauErmLbVm2FW1y+J/YA9dUrAC39ITejlZWhVIwawkKw==",
      "requires": {
        "core-util-is": "~1.0.0",
        "inherits": "~2.0.3",
        "isarray": "~1.0.0",
        "process-nextick-args": "~2.0.0",
        "safe-buffer": "~5.1.1",
        "string_decoder": "~1.1.1",
        "util-deprecate": "~1.0.1"
      }
    },
    "safe-buffer": {
      "version": "5.1.2",
      "resolved": "https://registry.npmjs.org/safe-buffer/-/safe-buffer-5.1.2.tgz",
      "integrity": "sha512-Gd2UZBJDkXlY7GbJxfsE8/nvKkUEU1G38c1siN6QP6a9PT9MmHB8GnpscSmMJSoF8LOIrt8ud/wPtojys4G6+g=="
    },
    "setimmediate": {
      "version": "1.0.5",
      "resolved": "https://registry.npmjs.org/setimmediate/-/setimmediate-1.0.5.tgz",
      "integrity": "sha512-MATJdZp8sLqDl/68LfQmbP8zKPLQNV6BIZoIgrscFDQ+RsvK/BxeDQOgyxKKoh0y/8h3BqVFnCqQ/gd+reiIXA=="
    },
    "sketch-constructor": {
      "version": "1.16.0",
      "resolved": "https://registry.npmjs.org/sketch-constructor/-/sketch-constructor-1.16.0.tgz",
      "integrity": "sha512-wij57AVX0OHM9KGNacrxqjaANBXL/WvBL9ooEiibDHjnpZ7ipLFdy681burTnL2hsggF6IOPxvNdUhawXW0H8Q==",
      "requires": {
        "@types/jszip": "^3.1.6",
        "@types/node": "^12.7.12",
        "@types/tinycolor2": "^1.4.2",
        "fs-extra": "^8.1.0",
        "jszip": "^3.1.5",
        "md5-file": "^4.0.0",
        "tinycolor2": "^1.4.1",
        "uuid-v4": "^0.1.0"
      }
    },
    "string_decoder": {
      "version": "1.1.1",
      "resolved": "https://registry.npmjs.org/string_decoder/-/string_decoder-1.1.1.tgz",
      "integrity": "sha512-n/ShnvDi6FHbbVfviro+WojiFzv+s8MPMHBczVePfUpDJLwoLT0ht1l4YwBCbi8pJAveEEdnkHyPyTP/mzRfwg==",
      "requires": {
        "safe-buffer": "~5.1.0"
      }
    },
    "tinycolor2": {
      "version": "1.4.1",
      "resolved": "https://registry.npmjs.org/tinycolor2/-/tinycolor2-1.4.1.tgz",
      "integrity": "sha1-9PrTM0R7wLB9TcjpIJ2POaisd+g="
    },
    "universalify": {
      "version": "0.1.2",
      "resolved": "https://registry.npmjs.org/universalify/-/universalify-0.1.2.tgz",
      "integrity": "sha512-rBJeI5CXAlmy1pV+617WB9J63U6XcazHHF2f2dbJix4XzpUF0RS3Zbj0FGIOCAva5P/d/GBOYaACQ1w+0azUkg=="
    },
    "util-deprecate": {
      "version": "1.0.2",
      "resolved": "https://registry.npmjs.org/util-deprecate/-/util-deprecate-1.0.2.tgz",
      "integrity": "sha1-RQ1Nyfpw3nMnYvvS1KKJgUGaDM8="
    },
    "uuid-v4": {
      "version": "0.1.0",
      "resolved": "https://registry.npmjs.org/uuid-v4/-/uuid-v4-0.1.0.tgz",
      "integrity": "sha1-YtezEEBvbOz+oVKMafHo4LzsWjo="
    }
  }
}
